Microsoft Visual Studio Solution File, Format Version 12.00
# Visual Studio Version 17
VisualStudioVersion = 17.0.31611.283
MinimumVisualStudioVersion = 10.0.40219.1
Project("{9A19103F-16F7-4668-BE54-9A1E7A4F7556}") = "GameLauncher_MAUI_CSharp", "GameLauncher_MAUI_CSharp.csproj", "{BAF62AD3-E499-41B1-9CCA-E53B67364394}"
EndProject
Global
	GlobalSection(SolutionConfigurationPlatforms) = preSolution
		Debug|x64 = Debug|x64
		Debug|x86 = Debug|x86
		Release|x64 = Release|x64
		Release|x86 = Release|x86
	EndGlobalSection
	GlobalSection(ProjectConfigurationPlatforms) = postSolution
		{BAF62AD3-E499-41B1-9CCA-E53B67364394}.Debug|x64.ActiveCfg = Debug|x64
		{BAF62AD3-E499-41B1-9CCA-E53B67364394}.Debug|x64.Build.0 = Debug|x64
		{BAF62AD3-E499-41B1-9CCA-E53B67364394}.Debug|x64.Deploy.0 = Debug|x64
		{BAF62AD3-E499-41B1-9CCA-E53B67364394}.Debug|x86.ActiveCfg = Debug|Any CPU
		{BAF62AD3-E499-41B1-9CCA-E53B67364394}.Debug|x86.Build.0 = Debug|Any CPU
		{BAF62AD3-E499-41B1-9CCA-E53B67364394}.Debug|x86.Deploy.0 = Debug|Any CPU
		{BAF62AD3-E499-41B1-9CCA-E53B67364394}.Release|x64.ActiveCfg = Release|x64
		{BAF62AD3-E499-41B1-9CCA-E53B67364394}.Release|x64.Build.0 = Release|x64
		{BAF62AD3-E499-41B1-9CCA-E53B67364394}.Release|x64.Deploy.0 = Release|x64
		{BAF62AD3-E499-41B1-9CCA-E53B67364394}.Release|x86.ActiveCfg = Release|Any CPU
		{BAF62AD3-E499-41B1-9CCA-E53B67364394}.Release|x86.Build.0 = Release|Any CPU
		{BAF62AD3-E499-41B1-9CCA-E53B67364394}.Release|x86.Deploy.0 = Release|Any CPU
	EndGlobalSection
	GlobalSection(SolutionProperties) = preSolution
		HideSolutionNode = FALSE
	EndGlobalSection
	GlobalSection(ExtensibilityGlobals) = postSolution
		SolutionGuid = {61F7FB11-1E47-470C-91E2-47F8143E1572}
	EndGlobalSection
EndGlobal
